
Microsoft Visual Studio Solution File, Format Version 12.00
# Visual Studio Version 17
VisualStudioVersion = 17.6.33815.320
MinimumVisualStudioVersion = 10.0.40219.1
Project("{FAE04EC0-301F-11D3-BF4B-00C04F79EFBC}") = "libMotdePasse", "libMotdePasse\libMotdePasse.csproj", "{8257467C-429F-46E8-81AB-7FD4423221F8}"
EndProject
Project("{FAE04EC0-301F-11D3-BF4B-00C04F79EFBC}") = "cslMotdePasse", "cslMotdePasse\cslMotdePasse.csproj", "{74D59BBD-7CF3-4CBD-B47D-472DA735ACDF}"
EndProject
Global
	GlobalSection(SolutionConfigurationPlatforms) = preSolution
		Debug|Any CPU = Debug|Any CPU
		Release|Any CPU = Release|Any CPU
	EndGlobalSection
	GlobalSection(ProjectConfigurationPlatforms) = postSolution
		{8257467C-429F-46E8-81AB-7FD4423221F8}.Debug|Any CPU.ActiveCfg = Debug|Any CPU
		{8257467C-429F-46E8-81AB-7FD4423221F8}.Debug|Any CPU.Build.0 = Debug|Any CPU
		{8257467C-429F-46E8-81AB-7FD4423221F8}.Release|Any CPU.ActiveCfg = Release|Any CPU
		{8257467C-429F-46E8-81AB-7FD4423221F8}.Release|Any CPU.Build.0 = Release|Any CPU
		{74D59BBD-7CF3-4CBD-B47D-472DA735ACDF}.Debug|Any CPU.ActiveCfg = Debug|Any CPU
		{74D59BBD-7CF3-4CBD-B47D-472DA735ACDF}.Debug|Any CPU.Build.0 = Debug|Any CPU
		{74D59BBD-7CF3-4CBD-B47D-472DA735ACDF}.Release|Any CPU.ActiveCfg = Release|Any CPU
		{74D59BBD-7CF3-4CBD-B47D-472DA735ACDF}.Release|Any CPU.Build.0 = Release|Any CPU
	EndGlobalSection
	GlobalSection(SolutionProperties) = preSolution
		HideSolutionNode = FALSE
	EndGlobalSection
	GlobalSection(ExtensibilityGlobals) = postSolution
		SolutionGuid = {50E2D29C-389D-4358-994C-9848E44E1D55}
	EndGlobalSection
EndGlobal
